
Microsoft Visual Studio Solution File, Format Version 12.00
# Visual Studio 15
VisualStudioVersion = 15.0.28307.136
MinimumVisualStudioVersion = 10.0.40219.1
Project("{FAE04EC0-301F-11D3-BF4B-00C04F79EFBC}") = "DemoFrom", "DemoFrom\DemoFrom.csproj", "{B4C1A1D7-D6FF-45E0-AD74-AE16A5C4EF29}"
EndProject
Project("{9A19103F-16F7-4668-BE54-9A1E7A4F7556}") = "Demo.Model", "Demo.Model\Demo.Model.csproj", "{A5F8C96E-2B05-483E-8892-B0F6E29343E1}"
EndProject
Project("{9A19103F-16F7-4668-BE54-9A1E7A4F7556}") = "Demo.Interface", "Demo.Interface\Demo.Interface.csproj", "{1EE0AC46-303F-4ED3-B183-3B8016E9FB9C}"
EndProject
Project("{FAE04EC0-301F-11D3-BF4B-00C04F79EFBC}") = "Demo.Bll", "Demo.Bll\Demo.Bll.csproj", "{7BBCBDFD-6803-4138-9484-A7290FF1AAAA}"
EndProject
Project("{FAE04EC0-301F-11D3-BF4B-00C04F79EFBC}") = "Demo.Server", "Demo.Server\Demo.Server.csproj", "{0234F969-E6C5-4B63-A79A-B85349B76C7A}"
EndProject
Project("{FAE04EC0-301F-11D3-BF4B-00C04F79EFBC}") = "Demo.App.Android", "Demo.App\Demo.App.Android\Demo.App.Android.csproj", "{5C1DDD1E-49DD-44E7-98D1-1262803B51B0}"
EndProject
Project("{FAE04EC0-301F-11D3-BF4B-00C04F79EFBC}") = "Demo.App", "Demo.App\Demo.App\Demo.App.csproj", "{837DD174-4324-429A-A62B-7037D324FFB3}"
EndProject
Global
	GlobalSection(SolutionConfigurationPlatforms) = preSolution
		Debug|Any CPU = Debug|Any CPU
		Release|Any CPU = Release|Any CPU
	EndGlobalSection
	GlobalSection(ProjectConfigurationPlatforms) = postSolution
		{B4C1A1D7-D6FF-45E0-AD74-AE16A5C4EF29}.Debug|Any CPU.ActiveCfg = Debug|Any CPU
		{B4C1A1D7-D6FF-45E0-AD74-AE16A5C4EF29}.Debug|Any CPU.Build.0 = Debug|Any CPU
		{B4C1A1D7-D6FF-45E0-AD74-AE16A5C4EF29}.Release|Any CPU.ActiveCfg = Release|Any CPU
		{B4C1A1D7-D6FF-45E0-AD74-AE16A5C4EF29}.Release|Any CPU.Build.0 = Release|Any CPU
		{A5F8C96E-2B05-483E-8892-B0F6E29343E1}.Debug|Any CPU.ActiveCfg = Debug|Any CPU
		{A5F8C96E-2B05-483E-8892-B0F6E29343E1}.Debug|Any CPU.Build.0 = Debug|Any CPU
		{A5F8C96E-2B05-483E-8892-B0F6E29343E1}.Release|Any CPU.ActiveCfg = Release|Any CPU
		{A5F8C96E-2B05-483E-8892-B0F6E29343E1}.Release|Any CPU.Build.0 = Release|Any CPU
		{1EE0AC46-303F-4ED3-B183-3B8016E9FB9C}.Debug|Any CPU.ActiveCfg = Debug|Any CPU
		{1EE0AC46-303F-4ED3-B183-3B8016E9FB9C}.Debug|Any CPU.Build.0 = Debug|Any CPU
		{1EE0AC46-303F-4ED3-B183-3B8016E9FB9C}.Release|Any CPU.ActiveCfg = Release|Any CPU
		{1EE0AC46-303F-4ED3-B183-3B8016E9FB9C}.Release|Any CPU.Build.0 = Release|Any CPU
		{7BBCBDFD-6803-4138-9484-A7290FF1AAAA}.Debug|Any CPU.ActiveCfg = Debug|Any CPU
		{7BBCBDFD-6803-4138-9484-A7290FF1AAAA}.Debug|Any CPU.Build.0 = Debug|Any CPU
		{7BBCBDFD-6803-4138-9484-A7290FF1AAAA}.Release|Any CPU.ActiveCfg = Release|Any CPU
		{7BBCBDFD-6803-4138-9484-A7290FF1AAAA}.Release|Any CPU.Build.0 = Release|Any CPU
		{0234F969-E6C5-4B63-A79A-B85349B76C7A}.Debug|Any CPU.ActiveCfg = Debug|Any CPU
		{0234F969-E6C5-4B63-A79A-B85349B76C7A}.Debug|Any CPU.Build.0 = Debug|Any CPU
		{0234F969-E6C5-4B63-A79A-B85349B76C7A}.Release|Any CPU.ActiveCfg = Release|Any CPU
		{0234F969-E6C5-4B63-A79A-B85349B76C7A}.Release|Any CPU.Build.0 = Release|Any CPU
		{5C1DDD1E-49DD-44E7-98D1-1262803B51B0}.Debug|Any CPU.ActiveCfg = Debug|Any CPU
		{5C1DDD1E-49DD-44E7-98D1-1262803B51B0}.Debug|Any CPU.Build.0 = Debug|Any CPU
		{5C1DDD1E-49DD-44E7-98D1-1262803B51B0}.Debug|Any CPU.Deploy.0 = Debug|Any CPU
		{5C1DDD1E-49DD-44E7-98D1-1262803B51B0}.Release|Any CPU.ActiveCfg = Release|Any CPU
		{5C1DDD1E-49DD-44E7-98D1-1262803B51B0}.Release|Any CPU.Build.0 = Release|Any CPU
		{5C1DDD1E-49DD-44E7-98D1-1262803B51B0}.Release|Any CPU.Deploy.0 = Release|Any CPU
		{837DD174-4324-429A-A62B-7037D324FFB3}.Debug|Any CPU.ActiveCfg = Debug|Any CPU
		{837DD174-4324-429A-A62B-7037D324FFB3}.Debug|Any CPU.Build.0 = Debug|Any CPU
		{837DD174-4324-429A-A62B-7037D324FFB3}.Release|Any CPU.ActiveCfg = Release|Any CPU
		{837DD174-4324-429A-A62B-7037D324FFB3}.Release|Any CPU.Build.0 = Release|Any CPU
	EndGlobalSection
	GlobalSection(SolutionProperties) = preSolution
		HideSolutionNode = FALSE
	EndGlobalSection
	GlobalSection(ExtensibilityGlobals) = postSolution
		SolutionGuid = {61B4B8DF-D783-4897-A6B9-F7CF85A85C8F}
	EndGlobalSection
EndGlobal
